PODS:
  - ChameleonFramework/Default (2.1.0)
  - ChameleonFramework/Swift (2.1.0):
    - ChameleonFramework/Default
  - FileKit (4.0.0)
  - Realm (2.4.4):
    - Realm/Headers (= 2.4.4)
  - Realm/Headers (2.4.4)
  - RealmSwift (2.4.4):
    - Realm (= 2.4.4)
  - RxBlocking (3.0.1):
    - RxSwift (~> 3.0)
  - RxCocoa (3.0.1):
    - RxSwift (~> 3.0)
  - RxDataSources (1.0.0):
    - RxCocoa (~> 3.0)
    - RxSwift (~> 3.0)
  - RxGesture (0.2.0):
    - RxCocoa (~> 3.0.0)
    - RxSwift (~> 3.0.0)
  - RxOptional (3.1.3):
    - RxCocoa
    - RxSwift
  - RxRealm (0.4.0):
    - RealmSwift (~> 2.0)
    - RxSwift (~> 3.0.0)
  - RxSwift (3.0.1)
  - RxTest (3.0.1):
    - RxSwift (~> 3.0)
  - SnapKit (3.0.2)

DEPENDENCIES:
  - ChameleonFramework/Swift (from `https://github.com/ViccAlexander/Chameleon.git`)
  - FileKit (~> 4.0.0)
  - Realm
  - RealmSwift
  - RxBlocking (~> 3.0)
  - RxCocoa (~> 3.0)
  - RxDataSources (~> 1.0)
  - RxGesture
  - RxOptional
  - RxRealm
  - RxSwift (~> 3.0)
  - RxTest (~> 3.0)
  - SnapKit (~> 3.0)

EXTERNAL SOURCES:
  ChameleonFramework:
    :git: https://github.com/ViccAlexander/Chameleon.git

CHECKOUT OPTIONS:
  ChameleonFramework:
    :commit: dcf98f9bf3a632a7f40679b7da46f09681e48526
    :git: https://github.com/ViccAlexander/Chameleon.git

SPEC CHECKSUMS:
  ChameleonFramework: d21a3cc247abfe5e37609a283a8238b03575cf64
  FileKit: 2589d0393b3bfdc599c2ba6e41419be6db4279e0
  Realm: 5a280a1f5a9a3c267bebf4f41ee47911137703d7
  RealmSwift: 0c02b9f2d4be4301c497ed10e53a0580584eb1dd
  RxBlocking: 5de082d09d1ab45b49173f309f1a97d6b50f34c4
  RxCocoa: 15a52fc590dcc700cb4a690a633b5c5184ce3a78
  RxDataSources: 824693e84d00781d0a5e5cedc1ff95ce9250aacd
  RxGesture: 17b250d3c6732b35fab53d09800d35ceef717847
  RxOptional: b97b59183af80d1e729ac9e51d09a10be668d6a8
  RxRealm: 6c1052b72118ed6929115801c38f90f0c962f2cf
  RxSwift: af5680055c4ad04480189c52d28385b1029493a6
  RxTest: 9867e6f3c435af30fbdb44b6d8ec30b78c40b515
  SnapKit: 2e456761aa92d4d4067a7a5594c18769d451a8ad

PODFILE CHECKSUM: e5265f3417d06b4161e3a46e7cc520ab6395bd23

COCOAPODS: 1.1.1
